# This file is automatically @generated by Poetry 2.2.1 and should not be changed by hand.

[[package]]
name = "asgiref"
version = "3.8.1"
description = "ASGI specs, helper code, and adapters"
optional = false
python-versions = ">=3.8"
groups = ["main"]
files = [
    {file = "asgiref-3.8.1-py3-none-any.whl", hash = "sha256:3e1e3ecc849832fe52ccf2cb6686b7a55f82bb1d6aee72a58826471390335e47"},
    {file = "asgiref-3.8.1.tar.gz", hash = "sha256:c343bd80a0bec947a9860adb4c432ffa7db769836c64238fc34bdc3fec84d590"},
]

[package.dependencies]
typing-extensions = {version = ">=4", markers = "python_version < \"3.11\""}

[package.extras]
tests = ["mypy (>=0.800)", "pytest", "pytest-asyncio"]

[[package]]
name = "cfgv"
version = "3.4.0"
description = "Validate configuration and produce human readable error messages."
optional = false
python-versions = ">=3.8"
groups = ["main"]
files = [
    {file = "cfgv-3.4.0-py2.py3-none-any.whl", hash = "sha256:b7265b1f29fd3316bfcd2b330d63d024f2bfd8bcb8b0272f8e19a504856c48f9"},
    {file = "cfgv-3.4.0.tar.gz", hash = "sha256:e52591d4c5f5dead8e0f673fb16db7949d2cfb3f7da4582893288f0ded8fe560"},
]

[[package]]
name = "chardet"
version = "5.2.0"
description = "Universal encoding detector for Python 3"
optional = false
python-versions = ">=3.7"
groups = ["main"]
files = [
    {file = "chardet-5.2.0-py3-none-any.whl", hash = "sha256:e1cf59446890a00105fe7b7912492ea04b6e6f06d4b742b2c788469e34c82970"},
    {file = "chardet-5.2.0.tar.gz", hash = "sha256:1b3b6ff479a8c414bc3fa2c0852995695c4a026dcd6d0633b2dd092ca39c1cf7"},
]

[[package]]
name = "distlib"
version = "0.3.8"
description = "Distribution utilities"
optional = false
python-versions = "*"
groups = ["main"]
files = [
    {file = "distlib-0.3.8-py2.py3-none-any.whl", hash = "sha256:034db59a0b96f8ca18035f36290806a9a6e6bd9d1ff91e45a7f172eb17e51784"},
    {file = "distlib-0.3.8.tar.gz", hash = "sha256:1530ea13e350031b6312d8580ddb6b27a104275a31106523b8f123787f494f64"},
]

[[package]]
name = "django"
version = "5.1.15"
description = "A high-level Python web framework that encourages rapid development and clean, pragmatic design."
optional = false
python-versions = ">=3.10"
groups = ["main"]
files = [
    {file = "django-5.1.15-py3-none-any.whl", hash = "sha256:117871e58d6eda37f09870b7d73a3d66567b03aecd515b386b1751177c413432"},
    {file = "django-5.1.15.tar.gz", hash = "sha256:46a356b5ff867bece73fc6365e081f21c569973403ee7e9b9a0316f27d0eb947"},
]

[package.dependencies]
asgiref = ">=3.8.1,<4"
sqlparse = ">=0.3.1"
tzdata = {version = "*", markers = "sys_platform == \"win32\""}

[package.extras]
argon2 = ["argon2-cffi (>=19.1.0)"]
bcrypt = ["bcrypt"]

[[package]]
name = "django-cors-headers"
version = "3.7.0"
description = "django-cors-headers is a Django application for handling the server headers required for Cross-Origin Resource Sharing (CORS)."
optional = false
python-versions = ">=3.6"
groups = ["main"]
files = [
    {file = "django-cors-headers-3.7.0.tar.gz", hash = "sha256:96069c4aaacace786a34ee7894ff680780ec2644e4268b31181044410fecd12e"},
    {file = "django_cors_headers-3.7.0-py3-none-any.whl", hash = "sha256:1ac2b1213de75a251e2ba04448da15f99bcfcbe164288ae6b5ff929dc49b372f"},
]

[package.dependencies]
Django = ">=2.2"

[[package]]
name = "django-environ"
version = "0.11.2"
description = "A package that allows you to utilize 12factor inspired environment variables to configure your Django application."
optional = false
python-versions = ">=3.6,<4"
groups = ["main"]
files = [
    {file = "django-environ-0.11.2.tar.gz", hash = "sha256:f32a87aa0899894c27d4e1776fa6b477e8164ed7f6b3e410a62a6d72caaf64be"},
    {file = "django_environ-0.11.2-py2.py3-none-any.whl", hash = "sha256:0ff95ab4344bfeff693836aa978e6840abef2e2f1145adff7735892711590c05"},
]

[package.extras]
develop = ["coverage[toml] (>=5.0a4)", "furo (>=2021.8.17b43,<2021.9.dev0)", "pytest (>=4.6.11)", "sphinx (>=3.5.0)", "sphinx-notfound-page"]
docs = ["furo (>=2021.8.17b43,<2021.9.dev0)", "sphinx (>=3.5.0)", "sphinx-notfound-page"]
testing = ["coverage[toml] (>=5.0a4)", "pytest (>=4.6.11)"]

[[package]]
name = "django-filter"
version = "23.2"
description = "Django-filter is a reusable Django application for allowing users to filter querysets dynamically."
optional = false
python-versions = ">=3.7"
groups = ["main"]
files = [
    {file = "django-filter-23.2.tar.gz", hash = "sha256:2fe15f78108475eda525692813205fa6f9e8c1caf1ae65daa5862d403c6dbf00"},
    {file = "django_filter-23.2-py3-none-any.whl", hash = "sha256:d12d8e0fc6d3eb26641e553e5d53b191eb8cec611427d4bdce0becb1f7c172b5"},
]

[package.dependencies]
Django = ">=3.2"

[[package]]
name = "django-split-settings"
version = "1.3.2"
description = "Organize Django settings into multiple files and directories. Easily override and modify settings. Use wildcards and optional settings files."
optional = false
python-versions = "<4.0,>=3.9"
groups = ["main"]
files = [
    {file = "django_split_settings-1.3.2-py3-none-any.whl", hash = "sha256:72bd7dd9f12602585681074d1f859643fb4f6b196b584688fab86bdd73a57dff"},
    {file = "django_split_settings-1.3.2.tar.gz", hash = "sha256:d3975aa3601e37f65c59b9977b6bcb1de8bc27496930054078589c7d56998a9d"},
]

[[package]]
name = "django-storages"
version = "1.13.2"
description = "Support for many storage backends in Django"
optional = false
python-versions = ">=3.7"
groups = ["main"]
files = [
    {file = "django-storages-1.13.2.tar.gz", hash = "sha256:cbadd15c909ceb7247d4ffc503f12a9bec36999df8d0bef7c31e57177d512688"},
    {file = "django_storages-1.13.2-py3-none-any.whl", hash = "sha256:31dc5a992520be571908c4c40d55d292660ece3a55b8141462b4e719aa38eab3"},
]

[package.dependencies]
Django = ">=3.2"

[package.extras]
azure = ["azure-storage-blob (>=12.0.0)"]
boto3 = ["boto3 (>=1.4.4)"]
dropbox = ["dropbox (>=7.2.1)"]
google = ["google-cloud-storage (>=1.27.0)"]
libcloud = ["apache-libcloud"]
sftp = ["paramiko (>=1.10.0)"]

[[package]]
name = "djangorestframework"
version = "3.15.2"
description = "Web APIs for Django, made easy."
optional = false
python-versions = ">=3.8"
groups = ["main"]
files = [
    {file = "djangorestframework-3.15.2-py3-none-any.whl", hash = "sha256:2b8871b062ba1aefc2de01f773875441a961fefbf79f5eed1e32b2f096944b20"},
    {file = "djangorestframework-3.15.2.tar.gz", hash = "sha256:36fe88cd2d6c6bec23dca9804bab2ba5517a8bb9d8f47ebc68981b56840107ad"},
]

[package.dependencies]
django = ">=4.2"

[[package]]
name = "djangorestframework-simplejwt"
version = "5.2.2"
description = "A minimal JSON Web Token authentication plugin for Django REST Framework"
optional = false
python-versions = ">=3.7"
groups = ["main"]
files = [
    {file = "djangorestframework_simplejwt-5.2.2-py3-none-any.whl", hash = "sha256:4c0d2e2513e12587d93501ac091781684a216c3ee614eb3b5a10586aef5ca845"},
    {file = "djangorestframework_simplejwt-5.2.2.tar.gz", hash = "sha256:d27d4bcac2c6394f678dea8b4d0d511c6e18a7f2eb8aaeeb8a7de601aeb77c42"},
]

[package.dependencies]
django = "*"
djangorestframework = "*"
pyjwt = ">=1.7.1,<3"

[package.extras]
crypto = ["cryptography (>=3.3.1)"]
dev = ["Sphinx (>=1.6.5,<2)", "cryptography", "flake8", "ipython", "isort", "pep8", "pytest", "pytest-cov", "pytest-django", "pytest-watch", "pytest-xdist", "python-jose (==3.3.0)", "sphinx-rtd-theme (>=0.1.9)", "tox", "twine", "wheel"]
doc = ["Sphinx (>=1.6.5,<2)", "sphinx-rtd-theme (>=0.1.9)"]
lint = ["flake8", "isort", "pep8"]
python-jose = ["python-jose (==3.3.0)"]
test = ["cryptography", "pytest", "pytest-cov", "pytest-django", "pytest-xdist", "tox"]

[[package]]
name = "filelock"
version = "3.15.4"
description = "A platform independent file lock."
optional = false
python-versions = ">=3.8"
groups = ["main"]
files = [
    {file = "filelock-3.15.4-py3-none-any.whl", hash = "sha256:6ca1fffae96225dab4c6eaf1c4f4f28cd2568d3ec2a44e15a08520504de468e7"},
    {file = "filelock-3.15.4.tar.gz", hash = "sha256:2207938cbc1844345cb01a5a95524dae30f0ce089eba5b00378295a17e3e90cb"},
]

[package.extras]
docs = ["furo (>=2023.9.10)", "sphinx (>=7.2.6)", "sphinx-autodoc-typehints (>=1.25.2)"]
testing = ["covdefaults (>=2.3)", "coverage (>=7.3.2)", "diff-cover (>=8.0.1)", "pytest (>=7.4.3)", "pytest-asyncio (>=0.21)", "pytest-cov (>=4.1)", "pytest-mock (>=3.12)", "pytest-timeout (>=2.2)", "virtualenv (>=20.26.2)"]
typing = ["typing-extensions (>=4.8) ; python_version < \"3.11\""]

[[package]]
name = "identify"
version = "2.6.0"
description = "File identification library for Python"
optional = false
python-versions = ">=3.8"
groups = ["main"]
files = [
    {file = "identify-2.6.0-py2.py3-none-any.whl", hash = "sha256:e79ae4406387a9d300332b5fd366d8994f1525e8414984e1a59e058b2eda2dd0"},
    {file = "identify-2.6.0.tar.gz", hash = "sha256:cb171c685bdc31bcc4c1734698736a7d5b6c8bf2e0c15117f4d469c8640ae5cf"},
]

[package.extras]
license = ["ukkonen"]

[[package]]
name = "idna"
version = "3.7"
description = "Internationalized Domain Names in Applications (IDNA)"
optional = false
python-versions = ">=3.5"
groups = ["main"]
files = [
    {file = "idna-3.7-py3-none-any.whl", hash = "sha256:82fee1fc78add43492d3a1898bfa6d8a904cc97d8427f683ed8e798d07761aa0"},
    {file = "idna-3.7.tar.gz", hash = "sha256:028ff3aadf0609c1fd278d8ea3089299412a7a8b9bd005dd08b9f8285bcb5cfc"},
]

[[package]]
name = "nodeenv"
version = "1.9.1"
description = "Node.js virtual environment builder"
optional = false
python-versions = "!=3.0.*,!=3.1.*,!=3.2.*,!=3.3.*,!=3.4.*,!=3.5.*,!=3.6.*,>=2.7"
groups = ["main"]
files = [
    {file = "nodeenv-1.9.1-py2.py3-none-any.whl", hash = "sha256:ba11c9782d29c27c70ffbdda2d7415098754709be8a7056d79a737cd901155c9"},
    {file = "nodeenv-1.9.1.tar.gz", hash = "sha256:6ec12890a2dab7946721edbfbcd91f3319c6ccc9aec47be7c7e6b7011ee6645f"},
]

[[package]]
name = "pillow"
version = "12.2.0"
description = "Python Imaging Library (fork)"
optional = false
python-versions = ">=3.10"
groups = ["main"]
files = [
    {file = "pillow-12.2.0-cp310-cp310-macosx_10_10_x86_64.whl", hash = "sha256:a4e8f36e677d3336f35089648c8955c51c6d386a13cf6ee9c189c5f5bd713a9f"},
    {file = "pillow-12.2.0-cp310-cp310-macosx_11_0_arm64.whl", hash = "sha256:2e589959f10d9824d39b350472b92f0ce3b443c0a3442ebf41c40cb8361c5b97"},
    {file = "pillow-12.2.0-cp310-cp310-manylinux2014_aarch64.manylinux_2_17_aarch64.whl", hash = "sha256:a52edc8bfff4429aaabdf4d9ee0daadbbf8562364f940937b941f87a4290f5ff"},
    {file = "pillow-12.2.0-cp310-cp310-manylinux2014_x86_64.manylinux_2_17_x86_64.whl", hash = "sha256:975385f4776fafde056abb318f612ef6285b10a1f12b8570f3647ad0d74b48ec"},
    {file = "pillow-12.2.0-cp310-cp310-manylinux_2_27_aarch64.manylinux_2_28_aarch64.whl", hash = "sha256:bd9c0c7a0c681a347b3194c500cb1e6ca9cab053ea4d82a5cf45b6b754560136"},
    {file = "pillow-12.2.0-cp310-cp310-manylinux_2_27_x86_64.manylinux_2_28_x86_64.whl", hash = "sha256:88d387ff40b3ff7c274947ed3125dedf5262ec6919d83946753b5f3d7c67ea4c"},
    {file = "pillow-12.2.0-cp310-cp310-musllinux_1_2_aarch64.whl", hash = "sha256:51c4167c34b0d8ba05b547a3bb23578d0ba17b80a5593f93bd8ecb123dd336a3"},
    {file = "pillow-12.2.0-cp310-cp310-musllinux_1_2_x86_64.whl", hash = "sha256:34c0d99ecccea270c04882cb3b86e7b57296079c9a4aff88cb3b33563d95afaa"},
    {file = "pillow-12.2.0-cp310-cp310-win32.whl", hash = "sha256:b85f66ae9eb53e860a873b858b789217ba505e5e405a24b85c0464822fe88032"},
    {file = "pillow-12.2.0-cp310-cp310-win_amd64.whl", hash = "sha256:673aa32138f3e7531ccdbca7b3901dba9b70940a19ccecc6a37c77d5fdeb05b5"},
    {file = "pillow-12.2.0-cp310-cp310-win_arm64.whl", hash = "sha256:3e080565d8d7c671db5802eedfb438e5565ffa40115216eabb8cd52d0ecce024"},
    {file = "pillow-12.2.0-cp311-cp311-macosx_10_10_x86_64.whl", hash = "sha256:8be29e59487a79f173507c30ddf57e733a357f67881430449bb32614075a40ab"},
    {file = "pillow-12.2.0-cp311-cp311-macosx_11_0_arm64.whl", hash = "sha256:71cde9a1e1551df7d34a25462fc60325e8a11a82cc2e2f54578e5e9a1e153d65"},
    {file = "pillow-12.2.0-cp311-cp311-manylinux2014_aarch64.manylinux_2_17_aarch64.whl", hash = "sha256:f490f9368b6fc026f021db16d7ec2fbf7d89e2edb42e8ec09d2c60505f5729c7"},
    {file = "pillow-12.2.0-cp311-cp311-manylinux2014_x86_64.manylinux_2_17_x86_64.whl", hash = "sha256:8bd7903a5f2a4545f6fd5935c90058b89d30045568985a71c79f5fd6edf9b91e"},
    {file = "pillow-12.2.0-cp311-cp311-manylinux_2_27_aarch64.manylinux_2_28_aarch64.whl", hash = "sha256:3997232e10d2920a68d25191392e3a4487d8183039e1c74c2297f00ed1c50705"},
    {file = "pillow-12.2.0-cp311-cp311-manylinux_2_27_x86_64.manylinux_2_28_x86_64.whl", hash = "sha256:e74473c875d78b8e9d5da2a70f7099549f9eb37ded4e2f6a463e60125bccd176"},
    {file = "pillow-12.2.0-cp311-cp311-musllinux_1_2_aarch64.whl", hash = "sha256:56a3f9c60a13133a98ecff6197af34d7824de9b7b38c3654861a725c970c197b"},
    {file = "pillow-12.2.0-cp311-cp311-musllinux_1_2_x86_64.whl", hash = "sha256:90e6f81de50ad6b534cab6e5aef77ff6e37722b2f5d908686f4a5c9eba17a909"},
    {file = "pillow-12.2.0-cp311-cp311-win32.whl", hash = "sha256:8c984051042858021a54926eb597d6ee3012393ce9c181814115df4c60b9a808"},
    {file = "pillow-12.2.0-cp311-cp311-win_amd64.whl", hash = "sha256:6e6b2a0c538fc200b38ff9eb6628228b77908c319a005815f2dde585a0664b60"},
    {file = "pillow-12.2.0-cp311-cp311-win_arm64.whl", hash = "sha256:9a8a34cc89c67a65ea7437ce257cea81a9dad65b29805f3ecee8c8fe8ff25ffe"},
    {file = "pillow-12.2.0-cp312-cp312-macosx_10_13_x86_64.whl", hash = "sha256:2d192a155bbcec180f8564f693e6fd9bccff5a7af9b32e2e4bf8c9c69dbad6b5"},
    {file = "pillow-12.2.0-cp312-cp312-macosx_11_0_arm64.whl", hash = "sha256:f3f40b3c5a968281fd507d519e444c35f0ff171237f4fdde090dd60699458421"},
    {file = "pillow-12.2.0-cp312-cp312-manylinux2014_aarch64.manylinux_2_17_aarch64.whl", hash = "sha256:03e7e372d5240cc23e9f07deca4d775c0817bffc641b01e9c3af208dbd300987"},
    {file = "pillow-12.2.0-cp312-cp312-manylinux2014_x86_64.manylinux_2_17_x86_64.whl", hash = "sha256:b86024e52a1b269467a802258c25521e6d742349d760728092e1bc2d135b4d76"},
    {file = "pillow-12.2.0-cp312-cp312-manylinux_2_27_aarch64.manylinux_2_28_aarch64.whl", hash = "sha256:7371b48c4fa448d20d2714c9a1f775a81155050d383333e0a6c15b1123dda005"},
    {file = "pillow-12.2.0-cp312-cp312-manylinux_2_27_x86_64.manylinux_2_28_x86_64.whl", hash = "sha256:62f5409336adb0663b7caa0da5c7d9e7bdbaae9ce761d34669420c2a801b2780"},
    {file = "pillow-12.2.0-cp312-cp312-musllinux_1_2_aarch64.whl", hash = "sha256:01afa7cf67f74f09523699b4e88c73fb55c13346d212a59a2db1f86b0a63e8c5"},
    {file = "pillow-12.2.0-cp312-cp312-musllinux_1_2_x86_64.whl", hash = "sha256:fc3d34d4a8fbec3e88a79b92e5465e0f9b842b628675850d860b8bd300b159f5"},
    {file = "pillow-12.2.0-cp312-cp312-win32.whl", hash = "sha256:58f62cc0f00fd29e64b29f4fd923ffdb3859c9f9e6105bfc37ba1d08994e8940"},
    {file = "pillow-12.2.0-cp312-cp312-win_amd64.whl", hash = "sha256:7f84204dee22a783350679a0333981df803dac21a0190d706a50475e361c93f5"},
    {file = "pillow-12.2.0-cp312-cp312-win_arm64.whl", hash = "sha256:af73337013e0b3b46f175e79492d96845b16126ddf79c438d7ea7ff27783a414"},
    {file = "pillow-12.2.0-cp313-cp313-ios_13_0_arm64_iphoneos.whl", hash = "sha256:8297651f5b5679c19968abefd6bb84d95fe30ef712eb1b2d9b2d31ca61267f4c"},
    {file = "pillow-12.2.0-cp313-cp313-ios_13_0_arm64_iphonesimulator.whl", hash = "sha256:50d8520da2a6ce0af445fa6d648c4273c3eeefbc32d7ce049f22e8b5c3daecc2"},
    {file = "pillow-12.2.0-cp313-cp313-ios_13_0_x86_64_iphonesimulator.whl", hash = "sha256:766cef22385fa1091258ad7e6216792b156dc16d8d3fa607e7545b2b72061f1c"},
    {file = "pillow-12.2.0-cp313-cp313-macosx_10_13_x86_64.whl", hash = "sha256:5d2fd0fa6b5d9d1de415060363433f28da8b1526c1c129020435e186794b3795"},
    {file = "pillow-12.2.0-cp313-cp313-macosx_11_0_arm64.whl", hash = "sha256:56b25336f502b6ed02e889f4ece894a72612fe885889a6e8c4c80239ff6e5f5f"},
    {file = "pillow-12.2.0-cp313-cp313-manylinux2014_aarch64.manylinux_2_17_aarch64.whl", hash = "sha256:f1c943e96e85df3d3478f7b691f229887e143f81fedab9b20205349ab04d73ed"},
    {file = "pillow-12.2.0-cp313-cp313-manylinux2014_x86_64.manylinux_2_17_x86_64.whl", hash = "sha256:03f6fab9219220f041c74aeaa2939ff0062bd5c364ba9ce037197f4c6d498cd9"},
    {file = "pillow-12.2.0-cp313-cp313-manylinux_2_27_aarch64.manylinux_2_28_aarch64.whl", hash = "sha256:5cdfebd752ec52bf5bb4e35d9c64b40826bc5b40a13df7c3cda20a2c03a0f5ed"},
    {file = "pillow-12.2.0-cp313-cp313-manylinux_2_27_x86_64.manylinux_2_28_x86_64.whl", hash = "sha256:eedf4b74eda2b5a4b2b2fb4c006d6295df3bf29e459e198c90ea48e130dc75c3"},
    {file = "pillow-12.2.0-cp313-cp313-musllinux_1_2_aarch64.whl", hash = "sha256:00a2865911330191c0b818c59103b58a5e697cae67042366970a6b6f1b20b7f9"},
    {file = "pillow-12.2.0-cp313-cp313-musllinux_1_2_x86_64.whl", hash = "sha256:1e1757442ed87f4912397c6d35a0db6a7b52592156014706f17658ff58bbf795"},
    {file = "pillow-12.2.0-cp313-cp313-win32.whl", hash = "sha256:144748b3af2d1b358d41286056d0003f47cb339b8c43a9ea42f5fea4d8c66b6e"},
    {file = "pillow-12.2.0-cp313-cp313-win_amd64.whl", hash = "sha256:390ede346628ccc626e5730107cde16c42d3836b89662a115a921f28440e6a3b"},
    {file = "pillow-12.2.0-cp313-cp313-win_arm64.whl", hash = "sha256:8023abc91fba39036dbce14a7d6535632f99c0b857807cbbbf21ecc9f4717f06"},
    {file = "pillow-12.2.0-cp313-cp313t-macosx_10_13_x86_64.whl", hash = "sha256:042db20a421b9bafecc4b84a8b6e444686bd9d836c7fd24542db3e7df7baad9b"},
    {file = "pillow-12.2.0-cp313-cp313t-macosx_11_0_arm64.whl", hash = "sha256:dd025009355c926a84a612fecf58bb315a3f6814b17ead51a8e48d3823d9087f"},
    {file = "pillow-12.2.0-cp313-cp313t-manylinux2014_aarch64.manylinux_2_17_aarch64.whl", hash = "sha256:88ddbc66737e277852913bd1e07c150cc7bb124539f94c4e2df5344494e0a612"},
    {file = "pillow-12.2.0-cp313-cp313t-manylinux2014_x86_64.manylinux_2_17_x86_64.whl", hash = "sha256:d362d1878f00c142b7e1a16e6e5e780f02be8195123f164edf7eddd911eefe7c"},
    {file = "pillow-12.2.0-cp313-cp313t-manylinux_2_27_aarch64.manylinux_2_28_aarch64.whl", hash = "sha256:2c727a6d53cb0018aadd8018c2b938376af27914a68a492f59dfcaca650d5eea"},
    {file = "pillow-12.2.0-cp313-cp313t-manylinux_2_27_x86_64.manylinux_2_28_x86_64.whl", hash = "sha256:efd8c21c98c5cc60653bcb311bef2ce0401642b7ce9d09e03a7da87c878289d4"},
    {file = "pillow-12.2.0-cp313-cp313t-musllinux_1_2_aarch64.whl", hash = "sha256:9f08483a632889536b8139663db60f6724bfcb443c96f1b18855860d7d5c0fd4"},
    {file = "pillow-12.2.0-cp313-cp313t-musllinux_1_2_x86_64.whl", hash = "sha256:dac8d77255a37e81a2efcbd1fc05f1c15ee82200e6c240d7e127e25e365c39ea"},
    {file = "pillow-12.2.0-cp313-cp313t-win32.whl", hash = "sha256:ee3120ae9dff32f121610bb08e4313be87e03efeadfc6c0d18f89127e24d0c24"},
    {file = "pillow-12.2.0-cp313-cp313t-win_amd64.whl", hash = "sha256:325ca0528c6788d2a6c3d40e3568639398137346c3d6e66bb61db96b96511c98"},
    {file = "pillow-12.2.0-cp313-cp313t-win_arm64.whl", hash = "sha256:2e5a76d03a6c6dcef67edabda7a52494afa4035021a79c8558e14af25313d453"},
    {file = "pillow-12.2.0-cp314-cp314-ios_13_0_arm64_iphoneos.whl", hash = "sha256:3adc9215e8be0448ed6e814966ecf3d9952f0ea40eb14e89a102b87f450660d8"},
    {file = "pillow-12.2.0-cp314-cp314-ios_13_0_arm64_iphonesimulator.whl", hash = "sha256:6a9adfc6d24b10f89588096364cc726174118c62130c817c2837c60cf08a392b"},
    {file = "pillow-12.2.0-cp314-cp314-ios_13_0_x86_64_iphonesimulator.whl", hash = "sha256:6a6e67ea2e6feda684ed370f9a1c52e7a243631c025ba42149a2cc5934dec295"},
    {file = "pillow-12.2.0-cp314-cp314-macosx_10_15_x86_64.whl", hash = "sha256:2bb4a8d594eacdfc59d9e5ad972aa8afdd48d584ffd5f13a937a664c3e7db0ed"},
    {file = "pillow-12.2.0-cp314-cp314-macosx_11_0_arm64.whl", hash = "sha256:80b2da48193b2f33ed0c32c38140f9d3186583ce7d516526d462645fd98660ae"},
    {file = "pillow-12.2.0-cp314-cp314-manylinux2014_aarch64.manylinux_2_17_aarch64.whl", hash = "sha256:22db17c68434de69d8ecfc2fe821569195c0c373b25cccb9cbdacf2c6e53c601"},
    {file = "pillow-12.2.0-cp314-cp314-manylinux2014_x86_64.manylinux_2_17_x86_64.whl", hash = "sha256:7b14cc0106cd9aecda615dd6903840a058b4700fcb817687d0ee4fc8b6e389be"},
    {file = "pillow-12.2.0-cp314-cp314-manylinux_2_27_aarch64.manylinux_2_28_aarch64.whl", hash = "sha256:8cbeb542b2ebc6fcdacabf8aca8c1a97c9b3ad3927d46b8723f9d4f033288a0f"},
    {file = "pillow-12.2.0-cp314-cp314-manylinux_2_27_x86_64.manylinux_2_28_x86_64.whl", hash = "sha256:4bfd07bc812fbd20395212969e41931001fd59eb55a60658b0e5710872e95286"},
    {file = "pillow-12.2.0-cp314-cp314-musllinux_1_2_aarch64.whl", hash = "sha256:9aba9a17b623ef750a4d11b742cbafffeb48a869821252b30ee21b5e91392c50"},
    {file = "pillow-12.2.0-cp314-cp314-musllinux_1_2_x86_64.whl", hash = "sha256:deede7c263feb25dba4e82ea23058a235dcc2fe1f6021025dc71f2b618e26104"},
    {file = "pillow-12.2.0-cp314-cp314-win32.whl", hash = "sha256:632ff19b2778e43162304d50da0181ce24ac5bb8180122cbe1bf4673428328c7"},
    {file = "pillow-12.2.0-cp314-cp314-win_amd64.whl", hash = "sha256:4e6c62e9d237e9b65fac06857d511e90d8461a32adcc1b9065ea0c0fa3a28150"},
    {file = "pillow-12.2.0-cp314-cp314-win_arm64.whl", hash = "sha256:b1c1fbd8a5a1af3412a0810d060a78b5136ec0836c8a4ef9aa11807f2a22f4e1"},
    {file = "pillow-12.2.0-cp314-cp314t-macosx_10_15_x86_64.whl", hash = "sha256:57850958fe9c751670e49b2cecf6294acc99e562531f4bd317fa5ddee2068463"},
    {file = "pillow-12.2.0-cp314-cp314t-macosx_11_0_arm64.whl", hash = "sha256:d5d38f1411c0ed9f97bcb49b7bd59b6b7c314e0e27420e34d99d844b9ce3b6f3"},
    {file = "pillow-12.2.0-cp314-cp314t-manylinux2014_aarch64.manylinux_2_17_aarch64.whl", hash = "sha256:5c0a9f29ca8e79f09de89293f82fc9b0270bb4af1d58bc98f540cc4aedf03166"},
    {file = "pillow-12.2.0-cp314-cp314t-manylinux2014_x86_64.manylinux_2_17_x86_64.whl", hash = "sha256:1610dd6c61621ae1cf811bef44d77e149ce3f7b95afe66a4512f8c59f25d9ebe"},
    {file = "pillow-12.2.0-cp314-cp314t-manylinux_2_27_aarch64.manylinux_2_28_aarch64.whl", hash = "sha256:0a34329707af4f73cf1782a36cd2289c0368880654a2c11f027bcee9052d35dd"},
    {file = "pillow-12.2.0-cp314-cp314t-manylinux_2_27_x86_64.manylinux_2_28_x86_64.whl", hash = "sha256:8e9c4f5b3c546fa3458a29ab22646c1c6c787ea8f5ef51300e5a60300736905e"},
    {file = "pillow-12.2.0-cp314-cp314t-musllinux_1_2_aarch64.whl", hash = "sha256:fb043ee2f06b41473269765c2feae53fc2e2fbf96e5e22ca94fb5ad677856f06"},
    {file = "pillow-12.2.0-cp314-cp314t-musllinux_1_2_x86_64.whl", hash = "sha256:f278f034eb75b4e8a13a54a876cc4a5ab39173d2cdd93a638e1b467fc545ac43"},
    {file = "pillow-12.2.0-cp314-cp314t-win32.whl", hash = "sha256:6bb77b2dcb06b20f9f4b4a8454caa581cd4dd0643a08bacf821216a16d9c8354"},
    {file = "pillow-12.2.0-cp314-cp314t-win_amd64.whl", hash = "sha256:6562ace0d3fb5f20ed7290f1f929cae41b25ae29528f2af1722966a0a02e2aa1"},
    {file = "pillow-12.2.0-cp314-cp314t-win_arm64.whl", hash = "sha256:aa88ccfe4e32d362816319ed727a004423aab09c5cea43c01a4b435643fa34eb"},
    {file = "pillow-12.2.0-pp311-pypy311_pp73-macosx_10_15_x86_64.whl", hash = "sha256:0538bd5e05efec03ae613fd89c4ce0368ecd2ba239cc25b9f9be7ed426b0af1f"},
    {file = "pillow-12.2.0-pp311-pypy311_pp73-macosx_11_0_arm64.whl", hash = "sha256:394167b21da716608eac917c60aa9b969421b5dcbbe02ae7f013e7b85811c69d"},
    {file = "pillow-12.2.0-pp311-pypy311_pp73-manylinux2014_aarch64.manylinux_2_17_aarch64.whl", hash = "sha256:5d04bfa02cc2d23b497d1e90a0f927070043f6cbf303e738300532379a4b4e0f"},
    {file = "pillow-12.2.0-pp311-pypy311_pp73-manylinux2014_x86_64.manylinux_2_17_x86_64.whl", hash = "sha256:0c838a5125cee37e68edec915651521191cef1e6aa336b855f495766e77a366e"},
    {file = "pillow-12.2.0-pp311-pypy311_pp73-manylinux_2_27_aarch64.manylinux_2_28_aarch64.whl", hash = "sha256:4a6c9fa44005fa37a91ebfc95d081e8079757d2e904b27103f4f5fa6f0bf78c0"},
    {file = "pillow-12.2.0-pp311-pypy311_pp73-manylinux_2_27_x86_64.manylinux_2_28_x86_64.whl", hash = "sha256:25373b66e0dd5905ed63fa3cae13c82fbddf3079f2c8bf15c6fb6a35586324c1"},
    {file = "pillow-12.2.0-pp311-pypy311_pp73-win_amd64.whl", hash = "sha256:bfa9c230d2fe991bed5318a5f119bd6780cda2915cca595393649fc118ab895e"},
    {file = "pillow-12.2.0.tar.gz", hash = "sha256:a830b1a40919539d07806aa58e1b114df53ddd43213d9c8b75847eee6c0182b5"},
]

[package.extras]
docs = ["furo", "olefile", "sphinx (>=8.2)", "sphinx-autobuild", "sphinx-copybutton", "sphinx-inline-tabs", "sphinxext-opengraph"]
fpx = ["olefile"]
mic = ["olefile"]
test-arrow = ["arro3-compute", "arro3-core", "nanoarrow", "pyarrow"]
tests = ["check-manifest", "coverage (>=7.4.2)", "defusedxml", "markdown2", "olefile", "packaging", "pyroma (>=5)", "pytest", "pytest-cov", "pytest-timeout", "pytest-xdist", "trove-classifiers (>=2024.10.12)"]
xmp = ["defusedxml"]

[[package]]
name = "platformdirs"
version = "4.2.2"
description = "A small Python package for determining appropriate platform-specific dirs, e.g. a `user data dir`."
optional = false
python-versions = ">=3.8"
groups = ["main"]
files = [
    {file = "platformdirs-4.2.2-py3-none-any.whl", hash = "sha256:2d7a1657e36a80ea911db832a8a6ece5ee53d8de21edd5cc5879af6530b1bfee"},
    {file = "platformdirs-4.2.2.tar.gz", hash = "sha256:38b7b51f512eed9e84a22788b4bce1de17c0adb134d6becb09836e37d8654cd3"},
]

[package.extras]
docs = ["furo (>=2023.9.10)", "proselint (>=0.13)", "sphinx (>=7.2.6)", "sphinx-autodoc-typehints (>=1.25.2)"]
test = ["appdirs (==1.4.4)", "covdefaults (>=2.3)", "pytest (>=7.4.3)", "pytest-cov (>=4.1)", "pytest-mock (>=3.12)"]
type = ["mypy (>=1.8)"]

[[package]]
name = "pre-commit"
version = "3.3.3"
description = "A framework for managing and maintaining multi-language pre-commit hooks."
optional = false
python-versions = ">=3.8"
groups = ["main"]
files = [
    {file = "pre_commit-3.3.3-py2.py3-none-any.whl", hash = "sha256:10badb65d6a38caff29703362271d7dca483d01da88f9d7e05d0b97171c136cb"},
    {file = "pre_commit-3.3.3.tar.gz", hash = "sha256:a2256f489cd913d575c145132ae196fe335da32d91a8294b7afe6622335dd023"},
]

[package.dependencies]
cfgv = ">=2.0.0"
identify = ">=1.0.0"
nodeenv = ">=0.11.1"
pyyaml = ">=5.1"
virtualenv = ">=20.10.0"

[[package]]
name = "psycopg2"
version = "2.9.7"
description = "psycopg2 - Python-PostgreSQL Database Adapter"
optional = false
python-versions = ">=3.6"
groups = ["main"]
files = [
    {file = "psycopg2-2.9.7-cp310-cp310-win32.whl", hash = "sha256:1a6a2d609bce44f78af4556bea0c62a5e7f05c23e5ea9c599e07678995609084"},
    {file = "psycopg2-2.9.7-cp310-cp310-win_amd64.whl", hash = "sha256:b22ed9c66da2589a664e0f1ca2465c29b75aaab36fa209d4fb916025fb9119e5"},
    {file = "psycopg2-2.9.7-cp311-cp311-win32.whl", hash = "sha256:44d93a0109dfdf22fe399b419bcd7fa589d86895d3931b01fb321d74dadc68f1"},
    {file = "psycopg2-2.9.7-cp311-cp311-win_amd64.whl", hash = "sha256:91e81a8333a0037babfc9fe6d11e997a9d4dac0f38c43074886b0d9dead94fe9"},
    {file = "psycopg2-2.9.7-cp37-cp37m-win32.whl", hash = "sha256:d1210fcf99aae6f728812d1d2240afc1dc44b9e6cba526a06fb8134f969957c2"},
    {file = "psycopg2-2.9.7-cp37-cp37m-win_amd64.whl", hash = "sha256:e9b04cbef584310a1ac0f0d55bb623ca3244c87c51187645432e342de9ae81a8"},
    {file = "psycopg2-2.9.7-cp38-cp38-win32.whl", hash = "sha256:d5c5297e2fbc8068d4255f1e606bfc9291f06f91ec31b2a0d4c536210ac5c0a2"},
    {file = "psycopg2-2.9.7-cp38-cp38-win_amd64.whl", hash = "sha256:8275abf628c6dc7ec834ea63f6f3846bf33518907a2b9b693d41fd063767a866"},
    {file = "psycopg2-2.9.7-cp39-cp39-win32.whl", hash = "sha256:c7949770cafbd2f12cecc97dea410c514368908a103acf519f2a346134caa4d5"},
    {file = "psycopg2-2.9.7-cp39-cp39-win_amd64.whl", hash = "sha256:b6bd7d9d3a7a63faae6edf365f0ed0e9b0a1aaf1da3ca146e6b043fb3eb5d723"},
    {file = "psycopg2-2.9.7.tar.gz", hash = "sha256:f00cc35bd7119f1fed17b85bd1007855194dde2cbd8de01ab8ebb17487440ad8"},
]

[[package]]
name = "pyjwt"
version = "2.8.0"
description = "JSON Web Token implementation in Python"
optional = false
python-versions = ">=3.7"
groups = ["main"]
files = [
    {file = "PyJWT-2.8.0-py3-none-any.whl", hash = "sha256:59127c392cc44c2da5bb3192169a91f429924e17aff6534d70fdc02ab3e04320"},
    {file = "PyJWT-2.8.0.tar.gz", hash = "sha256:57e28d156e3d5c10088e0c68abb90bfac3df82b40a71bd0daa20c65ccd5c23de"},
]

[package.extras]
crypto = ["cryptography (>=3.4.0)"]
dev = ["coverage[toml] (==5.0.4)", "cryptography (>=3.4.0)", "pre-commit", "pytest (>=6.0.0,<7.0.0)", "sphinx (>=4.5.0,<5.0.0)", "sphinx-rtd-theme", "zope.interface"]
docs = ["sphinx (>=4.5.0,<5.0.0)", "sphinx-rtd-theme", "zope.interface"]
tests = ["coverage[toml] (==5.0.4)", "pytest (>=6.0.0,<7.0.0)"]

[[package]]
name = "pyyaml"
version = "6.0.1"
description = "YAML parser and emitter for Python"
optional = false
python-versions = ">=3.6"
groups = ["main"]
files = [
    {file = "PyYAML-6.0.1-cp310-cp310-macosx_10_9_x86_64.whl", hash = "sha256:d858aa552c999bc8a8d57426ed01e40bef403cd8ccdd0fc5f6f04a00414cac2a"},
    {file = "PyYAML-6.0.1-cp310-cp310-macosx_11_0_arm64.whl", hash = "sha256:fd66fc5d0da6d9815ba2cebeb4205f95818ff4b79c3ebe268e75d961704af52f"},
    {file = "PyYAML-6.0.1-cp310-cp310-manylinux_2_17_aarch64.manylinux2014_aarch64.whl", hash = "sha256:69b023b2b4daa7548bcfbd4aa3da05b3a74b772db9e23b982788168117739938"},
    {file = "PyYAML-6.0.1-cp310-cp310-manylinux_2_17_s390x.manylinux2014_s390x.whl", hash = "sha256:81e0b275a9ecc9c0c0c07b4b90ba548307583c125f54d5b6946cfee6360c733d"},
    {file = "PyYAML-6.0.1-cp310-cp310-manylinux_2_17_x86_64.manylinux2014_x86_64.whl", hash = "sha256:ba336e390cd8e4d1739f42dfe9bb83a3cc2e80f567d8805e11b46f4a943f5515"},
    {file = "PyYAML-6.0.1-cp310-cp310-musllinux_1_1_x86_64.whl", hash = "sha256:326c013efe8048858a6d312ddd31d56e468118ad4cdeda36c719bf5bb6192290"},
    {file = "PyYAML-6.0.1-cp310-cp310-win32.whl", hash = "sha256:bd4af7373a854424dabd882decdc5579653d7868b8fb26dc7d0e99f823aa5924"},
    {file = "PyYAML-6.0.1-cp310-cp310-win_amd64.whl", hash = "sha256:fd1592b3fdf65fff2ad0004b5e363300ef59ced41c2e6b3a99d4089fa8c5435d"},
    {file = "PyYAML-6.0.1-cp311-cp311-macosx_10_9_x86_64.whl", hash = "sha256:6965a7bc3cf88e5a1c3bd2e0b5c22f8d677dc88a455344035f03399034eb3007"},
    {file = "PyYAML-6.0.1-cp311-cp311-macosx_11_0_arm64.whl", hash = "sha256:f003ed9ad21d6a4713f0a9b5a7a0a79e08dd0f221aff4525a2be4c346ee60aab"},
    {file = "PyYAML-6.0.1-cp311-cp311-manylinux_2_17_aarch64.manylinux2014_aarch64.whl", hash = "sha256:42f8152b8dbc4fe7d96729ec2b99c7097d656dc1213a3229ca5383f973a5ed6d"},
    {file = "PyYAML-6.0.1-cp311-cp311-manylinux_2_17_s390x.manylinux2014_s390x.whl", hash = "sha256:062582fca9fabdd2c8b54a3ef1c978d786e0f6b3a1510e0ac93ef59e0ddae2bc"},
    {file = "PyYAML-6.0.1-cp311-cp311-manylinux_2_17_x86_64.manylinux2014_x86_64.whl", hash = "sha256:d2b04aac4d386b172d5b9692e2d2da8de7bfb6c387fa4f801fbf6fb2e6ba4673"},
    {file = "PyYAML-6.0.1-cp311-cp311-musllinux_1_1_x86_64.whl", hash = "sha256:e7d73685e87afe9f3b36c799222440d6cf362062f78be1013661b00c5c6f678b"},
    {file = "PyYAML-6.0.1-cp311-cp311-win32.whl", hash = "sha256:1635fd110e8d85d55237ab316b5b011de701ea0f29d07611174a1b42f1444741"},
    {file = "PyYAML-6.0.1-cp311-cp311-win_amd64.whl", hash = "sha256:bf07ee2fef7014951eeb99f56f39c9bb4af143d8aa3c21b1677805985307da34"},
    {file = "PyYAML-6.0.1-cp312-cp312-macosx_10_9_x86_64.whl", hash = "sha256:855fb52b0dc35af121542a76b9a84f8d1cd886ea97c84703eaa6d88e37a2ad28"},
    {file = "PyYAML-6.0.1-cp312-cp312-macosx_11_0_arm64.whl", hash = "sha256:40df9b996c2b73138957fe23a16a4f0ba614f4c0efce1e9406a184b6d07fa3a9"},
    {file = "PyYAML-6.0.1-cp312-cp312-manylinux_2_17_aarch64.manylinux2014_aarch64.whl", hash = "sha256:a08c6f0fe150303c1c6b71ebcd7213c2858041a7e01975da3a99aed1e7a378ef"},
    {file = "PyYAML-6.0.1-cp312-cp312-manylinux_2_17_x86_64.manylinux2014_x86_64.whl", hash = "sha256:6c22bec3fbe2524cde73d7ada88f6566758a8f7227bfbf93a408a9d86bcc12a0"},
    {file = "PyYAML-6.0.1-cp312-cp312-musllinux_1_1_x86_64.whl", hash = "sha256:8d4e9c88387b0f5c7d5f281e55304de64cf7f9c0021a3525bd3b1c542da3b0e4"},
    {file = "PyYAML-6.0.1-cp312-cp312-win32.whl", hash = "sha256:d483d2cdf104e7c9fa60c544d92981f12ad66a457afae824d146093b8c294c54"},
    {file = "PyYAML-6.0.1-cp312-cp312-win_amd64.whl", hash = "sha256:0d3304d8c0adc42be59c5f8a4d9e3d7379e6955ad754aa9d6ab7a398b59dd1df"},
    {file = "PyYAML-6.0.1-cp36-cp36m-macosx_10_9_x86_64.whl", hash = "sha256:50550eb667afee136e9a77d6dc71ae76a44df8b3e51e41b77f6de2932bfe0f47"},
    {file = "PyYAML-6.0.1-cp36-cp36m-manylinux_2_17_aarch64.manylinux2014_aarch64.whl", hash = "sha256:1fe35611261b29bd1de0070f0b2f47cb6ff71fa6595c077e42bd0c419fa27b98"},
    {file = "PyYAML-6.0.1-cp36-cp36m-manylinux_2_17_s390x.manylinux2014_s390x.whl", hash = "sha256:704219a11b772aea0d8ecd7058d0082713c3562b4e271b849ad7dc4a5c90c13c"},
    {file = "PyYAML-6.0.1-cp36-cp36m-manylinux_2_17_x86_64.manylinux2014_x86_64.whl", hash = "sha256:afd7e57eddb1a54f0f1a974bc4391af8bcce0b444685d936840f125cf046d5bd"},
    {file = "PyYAML-6.0.1-cp36-cp36m-win32.whl", hash = "sha256:fca0e3a251908a499833aa292323f32437106001d436eca0e6e7833256674585"},
    {file = "PyYAML-6.0.1-cp36-cp36m-win_amd64.whl", hash = "sha256:f22ac1c3cac4dbc50079e965eba2c1058622631e526bd9afd45fedd49ba781fa"},
    {file = "PyYAML-6.0.1-cp37-cp37m-macosx_10_9_x86_64.whl", hash = "sha256:b1275ad35a5d18c62a7220633c913e1b42d44b46ee12554e5fd39c70a243d6a3"},
    {file = "PyYAML-6.0.1-cp37-cp37m-manylinux_2_17_aarch64.manylinux2014_aarch64.whl", hash = "sha256:18aeb1bf9a78867dc38b259769503436b7c72f7a1f1f4c93ff9a17de54319b27"},
    {file = "PyYAML-6.0.1-cp37-cp37m-manylinux_2_17_s390x.manylinux2014_s390x.whl", hash = "sha256:596106435fa6ad000c2991a98fa58eeb8656ef2325d7e158344fb33864ed87e3"},
    {file = "PyYAML-6.0.1-cp37-cp37m-manylinux_2_17_x86_64.manylinux2014_x86_64.whl", hash = "sha256:baa90d3f661d43131ca170712d903e6295d1f7a0f595074f151c0aed377c9b9c"},
    {file = "PyYAML-6.0.1-cp37-cp37m-win32.whl", hash = "sha256:9046c58c4395dff28dd494285c82ba00b546adfc7ef001486fbf0324bc174fba"},
    {file = "PyYAML-6.0.1-cp37-cp37m-win_amd64.whl", hash = "sha256:4fb147e7a67ef577a588a0e2c17b6db51dda102c71de36f8549b6816a96e1867"},
    {file = "PyYAML-6.0.1-cp38-cp38-macosx_10_9_x86_64.whl", hash = "sha256:1d4c7e777c441b20e32f52bd377e0c409713e8bb1386e1099c2415f26e479595"},
    {file = "PyYAML-6.0.1-cp38-cp38-manylinux_2_17_aarch64.manylinux2014_aarch64.whl", hash = "sha256:a0cd17c15d3bb3fa06978b4e8958dcdc6e0174ccea823003a106c7d4d7899ac5"},
    {file = "PyYAML-6.0.1-cp38-cp38-manylinux_2_17_s390x.manylinux2014_s390x.whl", hash = "sha256:28c119d996beec18c05208a8bd78cbe4007878c6dd15091efb73a30e90539696"},
    {file = "PyYAML-6.0.1-cp38-cp38-manylinux_2_17_x86_64.manylinux2014_x86_64.whl", hash = "sha256:7e07cbde391ba96ab58e532ff4803f79c4129397514e1413a7dc761ccd755735"},
    {file = "PyYAML-6.0.1-cp38-cp38-musllinux_1_1_x86_64.whl", hash = "sha256:49a183be227561de579b4a36efbb21b3eab9651dd81b1858589f796549873dd6"},
    {file = "PyYAML-6.0.1-cp38-cp38-win32.whl", hash = "sha256:184c5108a2aca3c5b3d3bf9395d50893a7ab82a38004c8f61c258d4428e80206"},
    {file = "PyYAML-6.0.1-cp38-cp38-win_amd64.whl", hash = "sha256:1e2722cc9fbb45d9b87631ac70924c11d3a401b2d7f410cc0e3bbf249f2dca62"},
    {file = "PyYAML-6.0.1-cp39-cp39-macosx_10_9_x86_64.whl", hash = "sha256:9eb6caa9a297fc2c2fb8862bc5370d0303ddba53ba97e71f08023b6cd73d16a8"},
    {file = "PyYAML-6.0.1-cp39-cp39-macosx_11_0_arm64.whl", hash = "sha256:c8098ddcc2a85b61647b2590f825f3db38891662cfc2fc776415143f599bb859"},
    {file = "PyYAML-6.0.1-cp39-cp39-manylinux_2_17_aarch64.manylinux2014_aarch64.whl", hash = "sha256:5773183b6446b2c99bb77e77595dd486303b4faab2b086e7b17bc6bef28865f6"},
    {file = "PyYAML-6.0.1-cp39-cp39-manylinux_2_17_s390x.manylinux2014_s390x.whl", hash = "sha256:b786eecbdf8499b9ca1d697215862083bd6d2a99965554781d0d8d1ad31e13a0"},
    {file = "PyYAML-6.0.1-cp39-cp39-manylinux_2_17_x86_64.manylinux2014_x86_64.whl", hash = "sha256:bc1bf2925a1ecd43da378f4db9e4f799775d6367bdb94671027b73b393a7c42c"},
    {file = "PyYAML-6.0.1-cp39-cp39-musllinux_1_1_x86_64.whl", hash = "sha256:04ac92ad1925b2cff1db0cfebffb6ffc43457495c9b3c39d3fcae417d7125dc5"},
    {file = "PyYAML-6.0.1-cp39-cp39-win32.whl", hash = "sha256:faca3bdcf85b2fc05d06ff3fbc1f83e1391b3e724afa3feba7d13eeab355484c"},
    {file = "PyYAML-6.0.1-cp39-cp39-win_amd64.whl", hash = "sha256:510c9deebc5c0225e8c96813043e62b680ba2f9c50a08d3724c7f28a747d1486"},
    {file = "PyYAML-6.0.1.tar.gz", hash = "sha256:bfdf460b1736c775f2ba9f6a92bca30bc2095067b8a9d77876d1fad6cc3b4a43"},
]

[[package]]
name = "sqlparse"
version = "0.5.1"
description = "A non-validating SQL parser."
optional = false
python-versions = ">=3.8"
groups = ["main"]
files = [
    {file = "sqlparse-0.5.1-py3-none-any.whl", hash = "sha256:773dcbf9a5ab44a090f3441e2180efe2560220203dc2f8c0b0fa141e18b505e4"},
    {file = "sqlparse-0.5.1.tar.gz", hash = "sha256:bb6b4df465655ef332548e24f08e205afc81b9ab86cb1c45657a7ff173a3a00e"},
]

[package.extras]
dev = ["build", "hatch"]
doc = ["sphinx"]

[[package]]
name = "typing-extensions"
version = "4.12.2"
description = "Backported and Experimental Type Hints for Python 3.8+"
optional = false
python-versions = ">=3.8"
groups = ["main"]
markers = "python_version == \"3.10\""
files = [
    {file = "typing_extensions-4.12.2-py3-none-any.whl", hash = "sha256:04e5ca0351e0f3f85c6853954072df659d0d13fac324d0072316b67d7794700d"},
    {file = "typing_extensions-4.12.2.tar.gz", hash = "sha256:1a7ead55c7e559dd4dee8856e3a88b41225abfe1ce8df57b7c13915fe121ffb8"},
]

[[package]]
name = "tzdata"
version = "2024.1"
description = "Provider of IANA time zone data"
optional = false
python-versions = ">=2"
groups = ["main"]
markers = "sys_platform == \"win32\""
files = [
    {file = "tzdata-2024.1-py2.py3-none-any.whl", hash = "sha256:9068bc196136463f5245e51efda838afa15aaeca9903f49050dfa2679db4d252"},
    {file = "tzdata-2024.1.tar.gz", hash = "sha256:2674120f8d891909751c38abcdfd386ac0a5a1127954fbc332af6b5ceae07efd"},
]

[[package]]
name = "urllib3"
version = "2.2.2"
description = "HTTP library with thread-safe connection pooling, file post, and more."
optional = false
python-versions = ">=3.8"
groups = ["main"]
files = [
    {file = "urllib3-2.2.2-py3-none-any.whl", hash = "sha256:a448b2f64d686155468037e1ace9f2d2199776e17f0a46610480d311f73e3472"},
    {file = "urllib3-2.2.2.tar.gz", hash = "sha256:dd505485549a7a552833da5e6063639d0d177c04f23bc3864e41e5dc5f612168"},
]

[package.extras]
brotli = ["brotli (>=1.0.9) ; platform_python_implementation == \"CPython\"", "brotlicffi (>=0.8.0) ; platform_python_implementation != \"CPython\""]
h2 = ["h2 (>=4,<5)"]
socks = ["pysocks (>=1.5.6,!=1.5.7,<2.0)"]
zstd = ["zstandard (>=0.18.0)"]

[[package]]
name = "virtualenv"
version = "20.26.3"
description = "Virtual Python Environment builder"
optional = false
python-versions = ">=3.7"
groups = ["main"]
files = [
    {file = "virtualenv-20.26.3-py3-none-any.whl", hash = "sha256:8cc4a31139e796e9a7de2cd5cf2489de1217193116a8fd42328f1bd65f434589"},
    {file = "virtualenv-20.26.3.tar.gz", hash = "sha256:4c43a2a236279d9ea36a0d76f98d84bd6ca94ac4e0f4a3b9d46d05e10fea542a"},
]

[package.dependencies]
distlib = ">=0.3.7,<1"
filelock = ">=3.12.2,<4"
platformdirs = ">=3.9.1,<5"

[package.extras]
docs = ["furo (>=2023.7.26)", "proselint (>=0.13)", "sphinx (>=7.1.2,!=7.3)", "sphinx-argparse (>=0.4)", "sphinxcontrib-towncrier (>=0.2.1a0)", "towncrier (>=23.6)"]
test = ["covdefaults (>=2.3)", "coverage (>=7.2.7)", "coverage-enable-subprocess (>=1)", "flaky (>=3.7)", "packaging (>=23.1)", "pytest (>=7.4)", "pytest-env (>=0.8.2)", "pytest-freezer (>=0.4.8) ; platform_python_implementation == \"PyPy\" or platform_python_implementation == \"CPython\" and sys_platform == \"win32\" and python_version >= \"3.13\"", "pytest-mock (>=3.11.1)", "pytest-randomly (>=3.12)", "pytest-timeout (>=2.1)", "setuptools (>=68)", "time-machine (>=2.10) ; platform_python_implementation == \"CPython\""]

[metadata]
lock-version = "2.1"
python-versions = ">=3.10,<4"
content-hash = "1f1dbc5b7d159998403507461767a07bd8f57b65aeb427faa645e88121e71b99"
